
Microsoft Visual Studio Solution File, Format Version 12.00
# Visual Studio Version 17
VisualStudioVersion = 17.6.33829.357
MinimumVisualStudioVersion = 10.0.40219.1
Project("{FAE04EC0-301F-11D3-BF4B-00C04F79EFBC}") = "OchoReinasAlexisLapo", "OchoReinasAlexisLapo\OchoReinasAlexisLapo.csproj", "{63356452-4DA4-4B36-94C2-242075F70240}"
EndProject
Global
	GlobalSection(SolutionConfigurationPlatforms) = preSolution
		Debug|Any CPU = Debug|Any CPU
		Release|Any CPU = Release|Any CPU
	EndGlobalSection
	GlobalSection(ProjectConfigurationPlatforms) = postSolution
		{63356452-4DA4-4B36-94C2-242075F70240}.Debug|Any CPU.ActiveCfg = Debug|Any CPU
		{63356452-4DA4-4B36-94C2-242075F70240}.Debug|Any CPU.Build.0 = Debug|Any CPU
		{63356452-4DA4-4B36-94C2-242075F70240}.Release|Any CPU.ActiveCfg = Release|Any CPU
		{63356452-4DA4-4B36-94C2-242075F70240}.Release|Any CPU.Build.0 = Release|Any CPU
	EndGlobalSection
	GlobalSection(SolutionProperties) = preSolution
		HideSolutionNode = FALSE
	EndGlobalSection
	GlobalSection(ExtensibilityGlobals) = postSolution
		SolutionGuid = {4745778F-18F4-48BD-AEA0-A608B98B71B4}
	EndGlobalSection
EndGlobal
